// !$*UTF8*$!
{
	archiveVersion = 1;
	classes = {
	};
	objectVersion = 46;
	objects = {

/* Begin PBXBuildFile section */
		056AAA6FB1AEBABC9ACAE305 /* Pods_photoCollectionViewUITests.framework in Frameworks */ = {isa = PBXBuildFile; fileRef = 768A43E44743519357875F3E /* Pods_photoCollectionViewUITests.framework */; };
		69754D64EF11A4D5FEC4FB9D /* Pods_photoCollectionViewTests.framework in Frameworks */ = {isa = PBXBuildFile; fileRef = AF3DA4478E2FCCA059EE8949 /* Pods_photoCollectionViewTests.framework */; };
		6F57B30733FB6766F03F22B6 /* Pods_photoCollectionView.framework in Frameworks */ = {isa = PBXBuildFile; fileRef = 5457CAF54EE482E7B5C30951 /* Pods_photoCollectionView.framework */; };
		7B18B1531DB833D80060659B /* PhotoController.m in Sources */ = {isa = PBXBuildFile; fileRef = 7B18B1521DB833D80060659B /* PhotoController.m */; };
		7B18B1591DB842550060659B /* DetailViewController.m in Sources */ = {isa = PBXBuildFile; fileRef = 7B18B1581DB842550060659B /* DetailViewController.m */; };
		7BD75A961D613FA7007672EA /* main.m in Sources */ = {isa = PBXBuildFile; fileRef = 7BD75A951D613FA7007672EA /* main.m */; };
		7BD75A991D613FA7007672EA /* AppDelegate.m in Sources */ = {isa = PBXBuildFile; fileRef = 7BD75A981D613FA7007672EA /* AppDelegate.m */; };
		7BD75A9F1D613FA7007672EA /* Main.storyboard in Resources */ = {isa = PBXBuildFile; fileRef = 7BD75A9D1D613FA7007672EA /* Main.storyboard */; };
		7BD75AA11D613FA7007672EA /* Assets.xcassets in Resources */ = {isa = PBXBuildFile; fileRef = 7BD75AA01D613FA7007672EA /* Assets.xcassets */; };
		7BD75AA41D613FA7007672EA /* LaunchScreen.storyboard in Resources */ = {isa = PBXBuildFile; fileRef = 7BD75AA21D613FA7007672EA /* LaunchScreen.storyboard */; };
		7BD75AAF1D613FA7007672EA /* photoCollectionViewTests.m in Sources */ = {isa = PBXBuildFile; fileRef = 7BD75AAE1D613FA7007672EA /* photoCollectionViewTests.m */; };
		7BD75ABA1D613FA7007672EA /* photoCollectionViewUITests.m in Sources */ = {isa = PBXBuildFile; fileRef = 7BD75AB91D613FA7007672EA /* photoCollectionViewUITests.m */; };
		7BD75AC91D6140D1007672EA /* MainCVController.m in Sources */ = {isa = PBXBuildFile; fileRef = 7BD75AC81D6140D1007672EA /* MainCVController.m */; };
		7BD75ACC1D614500007672EA /* PhotoCollectionViewCell.m in Sources */ = {isa = PBXBuildFile; fileRef = 7BD75ACB1D614500007672EA /* PhotoCollectionViewCell.m */; };
/* End PBXBuildFile section */

/* Begin PBXContainerItemProxy section */
		7BD75AAB1D613FA7007672EA /* PBXContainerItemProxy */ = {
			isa = PBXContainerItemProxy;
			containerPortal = 7BD75A891D613FA7007672EA /* Project object */;
			proxyType = 1;
			remoteGlobalIDString = 7BD75A901D613FA7007672EA;
			remoteInfo = photoCollectionView;
		};
		7BD75AB61D613FA7007672EA /* PBXContainerItemProxy */ = {
			isa = PBXContainerItemProxy;
			containerPortal = 7BD75A891D613FA7007672EA /* Project object */;
			proxyType = 1;
			remoteGlobalIDString = 7BD75A901D613FA7007672EA;
			remoteInfo = photoCollectionView;
		};
/* End PBXContainerItemProxy section */

/* Begin PBXFileReference section */
		111907E1325F0554DAD6AA2D /* Pods-photoCollectionViewUITests.debug.xcconfig */ = {isa = PBXFileReference; includeInIndex = 1; lastKnownFileType = text.xcconfig; name = "Pods-photoCollectionViewUITests.debug.xcconfig"; path = "Pods/Target Support Files/Pods-photoCollectionViewUITests/Pods-photoCollectionViewUITests.debug.xcconfig"; sourceTree = "<group>"; };
		34E5658AC61E7FB4F2BD209C /* Pods-photoCollectionViewTests.release.xcconfig */ = {isa = PBXFileReference; includeInIndex = 1; lastKnownFileType = text.xcconfig; name = "Pods-photoCollectionViewTests.release.xcconfig"; path = "Pods/Target Support Files/Pods-photoCollectionViewTests/Pods-photoCollectionViewTests.release.xcconfig"; sourceTree = "<group>"; };
		5457CAF54EE482E7B5C30951 /* Pods_photoCollectionView.framework */ = {isa = PBXFileReference; explicitFileType = wrapper.framework; includeInIndex = 0; path = Pods_photoCollectionView.framework; sourceTree = BUILT_PRODUCTS_DIR; };
		6520A5068D354DF46E237E98 /* Pods-photoCollectionViewUITests.release.xcconfig */ = {isa = PBXFileReference; includeInIndex = 1; lastKnownFileType = text.xcconfig; name = "Pods-photoCollectionViewUITests.release.xcconfig"; path = "Pods/Target Support Files/Pods-photoCollectionViewUITests/Pods-photoCollectionViewUITests.release.xcconfig"; sourceTree = "<group>"; };
		768A43E44743519357875F3E /* Pods_photoCollectionViewUITests.framework */ = {isa = PBXFileReference; explicitFileType = wrapper.framework; includeInIndex = 0; path = Pods_photoCollectionViewUITests.framework; sourceTree = BUILT_PRODUCTS_DIR; };
		7B18B1511DB833D80060659B /* PhotoController.h */ = {isa = PBXFileReference; fileEncoding = 4; lastKnownFileType = sourcecode.c.h; name = PhotoController.h; path = ../PhotoController.h; sourceTree = "<group>"; };
		7B18B1521DB833D80060659B /* PhotoController.m */ = {isa = PBXFileReference; fileEncoding = 4; lastKnownFileType = sourcecode.c.objc; name = PhotoController.m; path = ../PhotoController.m; sourceTree = "<group>"; };
		7B18B1571DB842550060659B /* DetailViewController.h */ = {isa = PBXFileReference; fileEncoding = 4; lastKnownFileType = sourcecode.c.h; path = DetailViewController.h; sourceTree = "<group>"; };
		7B18B1581DB842550060659B /* DetailViewController.m */ = {isa = PBXFileReference; fileEncoding = 4; lastKnownFileType = sourcecode.c.objc; path = DetailViewController.m; sourceTree = "<group>"; };
		7BD75A911D613FA7007672EA /* photoCollectionView.app */ = {isa = PBXFileReference; explicitFileType = wrapper.application; includeInIndex = 0; path = photoCollectionView.app; sourceTree = BUILT_PRODUCTS_DIR; };
		7BD75A951D613FA7007672EA /* main.m */ = {isa = PBXFileReference; lastKnownFileType = sourcecode.c.objc; path = main.m; sourceTree = "<group>"; };
		7BD75A971D613FA7007672EA /* AppDelegate.h */ = {isa = PBXFileReference; lastKnownFileType = sourcecode.c.h; path = AppDelegate.h; sourceTree = "<group>"; };
		7BD75A981D613FA7007672EA /* AppDelegate.m */ = {isa = PBXFileReference; lastKnownFileType = sourcecode.c.objc; path = AppDelegate.m; sourceTree = "<group>"; };
		7BD75A9E1D613FA7007672EA /* Base */ = {isa = PBXFileReference; lastKnownFileType = file.storyboard; name = Base; path = Base.lproj/Main.storyboard; sourceTree = "<group>"; };
		7BD75AA01D613FA7007672EA /* Assets.xcassets */ = {isa = PBXFileReference; lastKnownFileType = folder.assetcatalog; path = Assets.xcassets; sourceTree = "<group>"; };
		7BD75AA31D613FA7007672EA /* Base */ = {isa = PBXFileReference; lastKnownFileType = file.storyboard; name = Base; path = Base.lproj/LaunchScreen.storyboard; sourceTree = "<group>"; };
		7BD75AA51D613FA7007672EA /* Info.plist */ = {isa = PBXFileReference; lastKnownFileType = text.plist.xml; path = Info.plist; sourceTree = "<group>"; };
		7BD75AAA1D613FA7007672EA /* photoCollectionViewTests.xctest */ = {isa = PBXFileReference; explicitFileType = wrapper.cfbundle; includeInIndex = 0; path = photoCollectionViewTests.xctest; sourceTree = BUILT_PRODUCTS_DIR; };
		7BD75AAE1D613FA7007672EA /* photoCollectionViewTests.m */ = {isa = PBXFileReference; lastKnownFileType = sourcecode.c.objc; path = photoCollectionViewTests.m; sourceTree = "<group>"; };
		7BD75AB01D613FA7007672EA /* Info.plist */ = {isa = PBXFileReference; lastKnownFileType = text.plist.xml; path = Info.plist; sourceTree = "<group>"; };
		7BD75AB51D613FA7007672EA /* photoCollectionViewUITests.xctest */ = {isa = PBXFileReference; explicitFileType = wrapper.cfbundle; includeInIndex = 0; path = photoCollectionViewUITests.xctest; sourceTree = BUILT_PRODUCTS_DIR; };
		7BD75AB91D613FA7007672EA /* photoCollectionViewUITests.m */ = {isa = PBXFileReference; lastKnownFileType = sourcecode.c.objc; path = photoCollectionViewUITests.m; sourceTree = "<group>"; };
		7BD75ABB1D613FA7007672EA /* Info.plist */ = {isa = PBXFileReference; lastKnownFileType = text.plist.xml; path = Info.plist; sourceTree = "<group>"; };
		7BD75AC71D6140D1007672EA /* MainCVController.h */ = {isa = PBXFileReference; fileEncoding = 4; lastKnownFileType = sourcecode.c.h; name = MainCVController.h; path = ../MainCVController.h; sourceTree = "<group>"; };
		7BD75AC81D6140D1007672EA /* MainCVController.m */ = {isa = PBXFileReference; fileEncoding = 4; lastKnownFileType = sourcecode.c.objc; name = MainCVController.m; path = ../MainCVController.m; sourceTree = "<group>"; };
		7BD75ACA1D614500007672EA /* PhotoCollectionViewCell.h */ = {isa = PBXFileReference; fileEncoding = 4; lastKnownFileType = sourcecode.c.h; path = PhotoCollectionViewCell.h; sourceTree = "<group>"; };
		7BD75ACB1D614500007672EA /* PhotoCollectionViewCell.m */ = {isa = PBXFileReference; fileEncoding = 4; lastKnownFileType = sourcecode.c.objc; path = PhotoCollectionViewCell.m; sourceTree = "<group>"; };
		8F57B8AFE776F79818C01783 /* Pods-photoCollectionView.release.xcconfig */ = {isa = PBXFileReference; includeInIndex = 1; lastKnownFileType = text.xcconfig; name = "Pods-photoCollectionView.release.xcconfig"; path = "Pods/Target Support Files/Pods-photoCollectionView/Pods-photoCollectionView.release.xcconfig"; sourceTree = "<group>"; };
		AF3DA4478E2FCCA059EE8949 /* Pods_photoCollectionViewTests.framework */ = {isa = PBXFileReference; explicitFileType = wrapper.framework; includeInIndex = 0; path = Pods_photoCollectionViewTests.framework; sourceTree = BUILT_PRODUCTS_DIR; };
		C60BCD50ACFAFE0BB3B76355 /* Pods-photoCollectionViewTests.debug.xcconfig */ = {isa = PBXFileReference; includeInIndex = 1; lastKnownFileType = text.xcconfig; name = "Pods-photoCollectionViewTests.debug.xcconfig"; path = "Pods/Target Support Files/Pods-photoCollectionViewTests/Pods-photoCollectionViewTests.debug.xcconfig"; sourceTree = "<group>"; };
		F60F6E9F28CDE16BED3E69C1 /* Pods-photoCollectionView.debug.xcconfig */ = {isa = PBXFileReference; includeInIndex = 1; lastKnownFileType = text.xcconfig; name = "Pods-photoCollectionView.debug.xcconfig"; path = "Pods/Target Support Files/Pods-photoCollectionView/Pods-photoCollectionView.debug.xcconfig"; sourceTree = "<group>"; };
/* End PBXFileReference section */

/* Begin PBXFrameworksBuildPhase section */
		7BD75A8E1D613FA7007672EA /* Frameworks */ = {
			isa = PBXFrameworksBuildPhase;
			buildActionMask = 2147483647;
			files = (
				6F57B30733FB6766F03F22B6 /* Pods_photoCollectionView.framework in Frameworks */,
			);
			runOnlyForDeploymentPostprocessing = 0;
		};
		7BD75AA71D613FA7007672EA /* Frameworks */ = {
			isa = PBXFrameworksBuildPhase;
			buildActionMask = 2147483647;
			files = (
				69754D64EF11A4D5FEC4FB9D /* Pods_photoCollectionViewTests.framework in Frameworks */,
			);
			runOnlyForDeploymentPostprocessing = 0;
		};
		7BD75AB21D613FA7007672EA /* Frameworks */ = {
			isa = PBXFrameworksBuildPhase;
			buildActionMask = 2147483647;
			files = (
				056AAA6FB1AEBABC9ACAE305 /* Pods_photoCollectionViewUITests.framework in Frameworks */,
			);
			runOnlyForDeploymentPostprocessing = 0;
		};
/* End PBXFrameworksBuildPhase section */

/* Begin PBXGroup section */
		26C558B5060A5BF71515E31A /* Frameworks */ = {
			isa = PBXGroup;
			children = (
				5457CAF54EE482E7B5C30951 /* Pods_photoCollectionView.framework */,
				AF3DA4478E2FCCA059EE8949 /* Pods_photoCollectionViewTests.framework */,
				768A43E44743519357875F3E /* Pods_photoCollectionViewUITests.framework */,
			);
			name = Frameworks;
			sourceTree = "<group>";
		};
		7BD75A881D613FA7007672EA = {
			isa = PBXGroup;
			children = (
				7BD75A931D613FA7007672EA /* photoCollectionView */,
				7BD75AAD1D613FA7007672EA /* photoCollectionViewTests */,
				7BD75AB81D613FA7007672EA /* photoCollectionViewUITests */,
				7BD75A921D613FA7007672EA /* Products */,
				AA904E1FE829035A2212291E /* Pods */,
				26C558B5060A5BF71515E31A /* Frameworks */,
			);
			sourceTree = "<group>";
		};
		7BD75A921D613FA7007672EA /* Products */ = {
			isa = PBXGroup;
			children = (
				7BD75A911D613FA7007672EA /* photoCollectionView.app */,
				7BD75AAA1D613FA7007672EA /* photoCollectionViewTests.xctest */,
				7BD75AB51D613FA7007672EA /* photoCollectionViewUITests.xctest */,
			);
			name = Products;
			sourceTree = "<group>";
		};
		7BD75A931D613FA7007672EA /* photoCollectionView */ = {
			isa = PBXGroup;
			children = (
				7B18B1511DB833D80060659B /* PhotoController.h */,
				7B18B1521DB833D80060659B /* PhotoController.m */,
				7B18B1571DB842550060659B /* DetailViewController.h */,
				7B18B1581DB842550060659B /* DetailViewController.m */,
				7BD75AC71D6140D1007672EA /* MainCVController.h */,
				7BD75AC81D6140D1007672EA /* MainCVController.m */,
				7BD75A971D613FA7007672EA /* AppDelegate.h */,
				7BD75A981D613FA7007672EA /* AppDelegate.m */,
				7BD75A9D1D613FA7007672EA /* Main.storyboard */,
				7BD75ACA1D614500007672EA /* PhotoCollectionViewCell.h */,
				7BD75ACB1D614500007672EA /* PhotoCollectionViewCell.m */,
				7BD75AA01D613FA7007672EA /* Assets.xcassets */,
				7BD75AA21D613FA7007672EA /* LaunchScreen.storyboard */,
				7BD75AA51D613FA7007672EA /* Info.plist */,
				7BD75A941D613FA7007672EA /* Supporting Files */,
			);
			path = photoCollectionView;
			sourceTree = "<group>";
		};
		7BD75A941D613FA7007672EA /* Supporting Files */ = {
			isa = PBXGroup;
			children = (
				7BD75A951D613FA7007672EA /* main.m */,
			);
			name = "Supporting Files";
			sourceTree = "<group>";
		};
		7BD75AAD1D613FA7007672EA /* photoCollectionViewTests */ = {
			isa = PBXGroup;
			children = (
				7BD75AAE1D613FA7007672EA /* photoCollectionViewTests.m */,
				7BD75AB01D613FA7007672EA /* Info.plist */,
			);
			path = photoCollectionViewTests;
			sourceTree = "<group>";
		};
		7BD75AB81D613FA7007672EA /* photoCollectionViewUITests */ = {
			isa = PBXGroup;
			children = (
				7BD75AB91D613FA7007672EA /* photoCollectionViewUITests.m */,
				7BD75ABB1D613FA7007672EA /* Info.plist */,
			);
			path = photoCollectionViewUITests;
			sourceTree = "<group>";
		};
		AA904E1FE829035A2212291E /* Pods */ = {
			isa = PBXGroup;
			children = (
				F60F6E9F28CDE16BED3E69C1 /* Pods-photoCollectionView.debug.xcconfig */,
				8F57B8AFE776F79818C01783 /* Pods-photoCollectionView.release.xcconfig */,
				C60BCD50ACFAFE0BB3B76355 /* Pods-photoCollectionViewTests.debug.xcconfig */,
				34E5658AC61E7FB4F2BD209C /* Pods-photoCollectionViewTests.release.xcconfig */,
				111907E1325F0554DAD6AA2D /* Pods-photoCollectionViewUITests.debug.xcconfig */,
				6520A5068D354DF46E237E98 /* Pods-photoCollectionViewUITests.release.xcconfig */,
			);
			name = Pods;
			sourceTree = "<group>";
		};
/* End PBXGroup section */

/* Begin PBXNativeTarget section */
		7BD75A901D613FA7007672EA /* photoCollectionView */ = {
			isa = PBXNativeTarget;
			buildConfigurationList = 7BD75ABE1D613FA7007672EA /* Build configuration list for PBXNativeTarget "photoCollectionView" */;
			buildPhases = (
				3C699A4FDE2D0F03CE228B1F /* [CP] Check Pods Manifest.lock */,
				7BD75A8D1D613FA7007672EA /* Sources */,
				7BD75A8E1D613FA7007672EA /* Frameworks */,
				7BD75A8F1D613FA7007672EA /* Resources */,
				BAA845BCCBD42C5988001A1E /* [CP] Embed Pods Frameworks */,
				74A17DB6BC376ECA83061B34 /* [CP] Copy Pods Resources */,
			);
			buildRules = (
			);
			dependencies = (
			);
			name = photoCollectionView;
			productName = photoCollectionView;
			productReference = 7BD75A911D613FA7007672EA /* photoCollectionView.app */;
			productType = "com.apple.product-type.application";
		};
		7BD75AA91D613FA7007672EA /* photoCollectionViewTests */ = {
			isa = PBXNativeTarget;
			buildConfigurationList = 7BD75AC11D613FA7007672EA /* Build configuration list for PBXNativeTarget "photoCollectionViewTests" */;
			buildPhases = (
				585B3196AD37DF4200FEFBD3 /* [CP] Check Pods Manifest.lock */,
				7BD75AA61D613FA7007672EA /* Sources */,
				7BD75AA71D613FA7007672EA /* Frameworks */,
				7BD75AA81D613FA7007672EA /* Resources */,
				5A0DF7F441D5F7F10C96DB76 /* [CP] Embed Pods Frameworks */,
				99164F0945E37E20F69A05DD /* [CP] Copy Pods Resources */,
			);
			buildRules = (
			);
			dependencies = (
				7BD75AAC1D613FA7007672EA /* PBXTargetDependency */,
			);
			name = photoCollectionViewTests;
			productName = photoCollectionViewTests;
			productReference = 7BD75AAA1D613FA7007672EA /* photoCollectionViewTests.xctest */;
			productType = "com.apple.product-type.bundle.unit-test";
		};
		7BD75AB41D613FA7007672EA /* photoCollectionViewUITests */ = {
			isa = PBXNativeTarget;
			buildConfigurationList = 7BD75AC41D613FA7007672EA /* Build configuration list for PBXNativeTarget "photoCollectionViewUITests" */;
			buildPhases = (
				1CECC4E7DB8DAB22D1CC03F3 /* [CP] Check Pods Manifest.lock */,
				7BD75AB11D613FA7007672EA /* Sources */,
				7BD75AB21D613FA7007672EA /* Frameworks */,
				7BD75AB31D613FA7007672EA /* Resources */,
				C3CFD9C0F63BFD916452F077 /* [CP] Copy Pods Resources */,
			);
			buildRules = (
			);
			dependencies = (
				7BD75AB71D613FA7007672EA /* PBXTargetDependency */,
			);
			name = photoCollectionViewUITests;
			productName = photoCollectionViewUITests;
			productReference = 7BD75AB51D613FA7007672EA /* photoCollectionViewUITests.xctest */;
			productType = "com.apple.product-type.bundle.ui-testing";
		};
/* End PBXNativeTarget section */

/* Begin PBXProject section */
		7BD75A891D613FA7007672EA /* Project object */ = {
			isa = PBXProject;
			attributes = {
				LastUpgradeCheck = 0800;
				ORGANIZATIONNAME = "James Rochabrun";
				TargetAttributes = {
					7BD75A901D613FA7007672EA = {
						CreatedOnToolsVersion = 7.3.1;
						DevelopmentTeam = ULU46F325W;
					};
					7BD75AA91D613FA7007672EA = {
						CreatedOnToolsVersion = 7.3.1;
						DevelopmentTeam = ULU46F325W;
						TestTargetID = 7BD75A901D613FA7007672EA;
					};
					7BD75AB41D613FA7007672EA = {
						CreatedOnToolsVersion = 7.3.1;
						TestTargetID = 7BD75A901D613FA7007672EA;
					};
				};
			};
			buildConfigurationList = 7BD75A8C1D613FA7007672EA /* Build configuration list for PBXProject "photoCollectionView" */;
			compatibilityVersion = "Xcode 3.2";
			developmentRegion = English;
			hasScannedForEncodings = 0;
			knownRegions = (
				en,
				Base,
			);
			mainGroup = 7BD75A881D613FA7007672EA;
			productRefGroup = 7BD75A921D613FA7007672EA /* Products */;
			projectDirPath = "";
			projectRoot = "";
			targets = (
				7BD75A901D613FA7007672EA /* photoCollectionView */,
				7BD75AA91D613FA7007672EA /* photoCollectionViewTests */,
				7BD75AB41D613FA7007672EA /* photoCollectionViewUITests */,
			);
		};
/* End PBXProject section */

/* Begin PBXResourcesBuildPhase section */
		7BD75A8F1D613FA7007672EA /* Resources */ = {
			isa = PBXResourcesBuildPhase;
			buildActionMask = 2147483647;
			files = (
				7BD75AA41D613FA7007672EA /* LaunchScreen.storyboard in Resources */,
				7BD75AA11D613FA7007672EA /* Assets.xcassets in Resources */,
				7BD75A9F1D613FA7007672EA /* Main.storyboard in Resources */,
			);
			runOnlyForDeploymentPostprocessing = 0;
		};
		7BD75AA81D613FA7007672EA /* Resources */ = {
			isa = PBXResourcesBuildPhase;
			buildActionMask = 2147483647;
			files = (
			);
			runOnlyForDeploymentPostprocessing = 0;
		};
		7BD75AB31D613FA7007672EA /* Resources */ = {
			isa = PBXResourcesBuildPhase;
			buildActionMask = 2147483647;
			files = (
			);
			runOnlyForDeploymentPostprocessing = 0;
		};
/* End PBXResourcesBuildPhase section */

/* Begin PBXShellScriptBuildPhase section */
		1CECC4E7DB8DAB22D1CC03F3 /* [CP] Check Pods Manifest.lock */ = {
			isa = PBXShellScriptBuildPhase;
			buildActionMask = 2147483647;
			files = (
			);
			inputPaths = (
			);
			name = "[CP] Check Pods Manifest.lock";
			outputPaths = (
			);
			runOnlyForDeploymentPostprocessing = 0;
			shellPath = /bin/sh;
			shellScript = "diff \"${PODS_ROOT}/../Podfile.lock\" \"${PODS_ROOT}/Manifest.lock\" > /dev/null\nif [[ $? != 0 ]] ; then\n    cat << EOM\nerror: The sandbox is not in sync with the Podfile.lock. Run 'pod install' or update your CocoaPods installation.\nEOM\n    exit 1\nfi\n";
			showEnvVarsInLog = 0;
		};
		3C699A4FDE2D0F03CE228B1F /* [CP] Check Pods Manifest.lock */ = {
			isa = PBXShellScriptBuildPhase;
			buildActionMask = 2147483647;
			files = (
			);
			inputPaths = (
			);
			name = "[CP] Check Pods Manifest.lock";
			outputPaths = (
			);
			runOnlyForDeploymentPostprocessing = 0;
			shellPath = /bin/sh;
			shellScript = "diff \"${PODS_ROOT}/../Podfile.lock\" \"${PODS_ROOT}/Manifest.lock\" > /dev/null\nif [[ $? != 0 ]] ; then\n    cat << EOM\nerror: The sandbox is not in sync with the Podfile.lock. Run 'pod install' or update your CocoaPods installation.\nEOM\n    exit 1\nfi\n";
			showEnvVarsInLog = 0;
		};
		585B3196AD37DF4200FEFBD3 /* [CP] Check Pods Manifest.lock */ = {
			isa = PBXShellScriptBuildPhase;
			buildActionMask = 2147483647;
			files = (
			);
			inputPaths = (
			);
			name = "[CP] Check Pods Manifest.lock";
			outputPaths = (
			);
			runOnlyForDeploymentPostprocessing = 0;
			shellPath = /bin/sh;
			shellScript = "diff \"${PODS_ROOT}/../Podfile.lock\" \"${PODS_ROOT}/Manifest.lock\" > /dev/null\nif [[ $? != 0 ]] ; then\n    cat << EOM\nerror: The sandbox is not in sync with the Podfile.lock. Run 'pod install' or update your CocoaPods installation.\nEOM\n    exit 1\nfi\n";
			showEnvVarsInLog = 0;
		};
		5A0DF7F441D5F7F10C96DB76 /* [CP] Embed Pods Frameworks */ = {
			isa = PBXShellScriptBuildPhase;
			buildActionMask = 2147483647;
			files = (
			);
			inputPaths = (
			);
			name = "[CP] Embed Pods Frameworks";
			outputPaths = (
			);
			runOnlyForDeploymentPostprocessing = 0;
			shellPath = /bin/sh;
			shellScript = "\"${SRCROOT}/Pods/Target Support Files/Pods-photoCollectionViewTests/Pods-photoCollectionViewTests-frameworks.sh\"\n";
			showEnvVarsInLog = 0;
		};
		74A17DB6BC376ECA83061B34 /* [CP] Copy Pods Resources */ = {
			isa = PBXShellScriptBuildPhase;
			buildActionMask = 2147483647;
			files = (
			);
			inputPaths = (
			);
			name = "[CP] Copy Pods Resources";
			outputPaths = (
			);
			runOnlyForDeploymentPostprocessing = 0;
			shellPath = /bin/sh;
			shellScript = "\"${SRCROOT}/Pods/Target Support Files/Pods-photoCollectionView/Pods-photoCollectionView-resources.sh\"\n";
			showEnvVarsInLog = 0;
		};
		99164F0945E37E20F69A05DD /* [CP] Copy Pods Resources */ = {
			isa = PBXShellScriptBuildPhase;
			buildActionMask = 2147483647;
			files = (
			);
			inputPaths = (
			);
			name = "[CP] Copy Pods Resources";
			outputPaths = (
			);
			runOnlyForDeploymentPostprocessing = 0;
			shellPath = /bin/sh;
			shellScript = "\"${SRCROOT}/Pods/Target Support Files/Pods-photoCollectionViewTests/Pods-photoCollectionViewTests-resources.sh\"\n";
			showEnvVarsInLog = 0;
		};
		BAA845BCCBD42C5988001A1E /* [CP] Embed Pods Frameworks */ = {
			isa = PBXShellScriptBuildPhase;
			buildActionMask = 2147483647;
			files = (
			);
			inputPaths = (
			);
			name = "[CP] Embed Pods Frameworks";
			outputPaths = (
			);
			runOnlyForDeploymentPostprocessing = 0;
			shellPath = /bin/sh;
			shellScript = "\"${SRCROOT}/Pods/Target Support Files/Pods-photoCollectionView/Pods-photoCollectionView-frameworks.sh\"\n";
			showEnvVarsInLog = 0;
		};
		C3CFD9C0F63BFD916452F077 /* [CP] Copy Pods Resources */ = {
			isa = PBXShellScriptBuildPhase;
			buildActionMask = 2147483647;
			files = (
			);
			inputPaths = (
			);
			name = "[CP] Copy Pods Resources";
			outputPaths = (
			);
			runOnlyForDeploymentPostprocessing = 0;
			shellPath = /bin/sh;
			shellScript = "\"${SRCROOT}/Pods/Target Support Files/Pods-photoCollectionViewUITests/Pods-photoCollectionViewUITests-resources.sh\"\n";
			showEnvVarsInLog = 0;
		};
/* End PBXShellScriptBuildPhase section */

/* Begin PBXSourcesBuildPhase section */
		7BD75A8D1D613FA7007672EA /* Sources */ = {
			isa = PBXSourcesBuildPhase;
			buildActionMask = 2147483647;
			files = (
				7BD75A991D613FA7007672EA /* AppDelegate.m in Sources */,
				7BD75ACC1D614500007672EA /* PhotoCollectionViewCell.m in Sources */,
				7BD75AC91D6140D1007672EA /* MainCVController.m in Sources */,
				7BD75A961D613FA7007672EA /* main.m in Sources */,
				7B18B1531DB833D80060659B /* PhotoController.m in Sources */,
				7B18B1591DB842550060659B /* DetailViewController.m in Sources */,
			);
			runOnlyForDeploymentPostprocessing = 0;
		};
		7BD75AA61D613FA7007672EA /* Sources */ = {
			isa = PBXSourcesBuildPhase;
			buildActionMask = 2147483647;
			files = (
				7BD75AAF1D613FA7007672EA /* photoCollectionViewTests.m in Sources */,
			);
			runOnlyForDeploymentPostprocessing = 0;
		};
		7BD75AB11D613FA7007672EA /* Sources */ = {
			isa = PBXSourcesBuildPhase;
			buildActionMask = 2147483647;
			files = (
				7BD75ABA1D613FA7007672EA /* photoCollectionViewUITests.m in Sources */,
			);
			runOnlyForDeploymentPostprocessing = 0;
		};
/* End PBXSourcesBuildPhase section */

/* Begin PBXTargetDependency section */
		7BD75AAC1D613FA7007672EA /* PBXTargetDependency */ = {
			isa = PBXTargetDependency;
			target = 7BD75A901D613FA7007672EA /* photoCollectionView */;
			targetProxy = 7BD75AAB1D613FA7007672EA /* PBXContainerItemProxy */;
		};
		7BD75AB71D613FA7007672EA /* PBXTargetDependency */ = {
			isa = PBXTargetDependency;
			target = 7BD75A901D613FA7007672EA /* photoCollectionView */;
			targetProxy = 7BD75AB61D613FA7007672EA /* PBXContainerItemProxy */;
		};
/* End PBXTargetDependency section */

/* Begin PBXVariantGroup section */
		7BD75A9D1D613FA7007672EA /* Main.storyboard */ = {
			isa = PBXVariantGroup;
			children = (
				7BD75A9E1D613FA7007672EA /* Base */,
			);
			name = Main.storyboard;
			sourceTree = "<group>";
		};
		7BD75AA21D613FA7007672EA /* LaunchScreen.storyboard */ = {
			isa = PBXVariantGroup;
			children = (
				7BD75AA31D613FA7007672EA /* Base */,
			);
			name = LaunchScreen.storyboard;
			sourceTree = "<group>";
		};
/* End PBXVariantGroup section */

/* Begin XCBuildConfiguration section */
		7BD75ABC1D613FA7007672EA /* Debug */ = {
			isa = XCBuildConfiguration;
			buildSettings = {
				ALWAYS_SEARCH_USER_PATHS = NO;
				CLANG_ANALYZER_NONNULL = YES;
				CLANG_CXX_LANGUAGE_STANDARD = "gnu++0x";
				CLANG_CXX_LIBRARY = "libc++";
				CLANG_ENABLE_MODULES = YES;
				CLANG_ENABLE_OBJC_ARC = YES;
				CLANG_WARN_BOOL_CONVERSION = YES;
				CLANG_WARN_CONSTANT_CONVERSION = YES;
				CLANG_WARN_DIRECT_OBJC_ISA_USAGE = YES_ERROR;
				CLANG_WARN_EMPTY_BODY = YES;
				CLANG_WARN_ENUM_CONVERSION = YES;
				CLANG_WARN_INFINITE_RECURSION = YES;
				CLANG_WARN_INT_CONVERSION = YES;
				CLANG_WARN_OBJC_ROOT_CLASS = YES_ERROR;
				CLANG_WARN_SUSPICIOUS_MOVE = YES;
				CLANG_WARN_UNREACHABLE_CODE = YES;
				CLANG_WARN__DUPLICATE_METHOD_MATCH = YES;
				"CODE_SIGN_IDENTITY[sdk=iphoneos*]" = "iPhone Developer";
				COPY_PHASE_STRIP = NO;
				DEBUG_INFORMATION_FORMAT = dwarf;
				ENABLE_STRICT_OBJC_MSGSEND = YES;
				ENABLE_TESTABILITY = YES;
				GCC_C_LANGUAGE_STANDARD = gnu99;
				GCC_DYNAMIC_NO_PIC = NO;
				GCC_NO_COMMON_BLOCKS = YES;
				GCC_OPTIMIZATION_LEVEL = 0;
				GCC_PREPROCESSOR_DEFINITIONS = (
					"DEBUG=1",
					"$(inherited)",
				);
				GCC_WARN_64_TO_32_BIT_CONVERSION = YES;
				GCC_WARN_ABOUT_RETURN_TYPE = YES_ERROR;
				GCC_WARN_UNDECLARED_SELECTOR = YES;
				GCC_WARN_UNINITIALIZED_AUTOS = YES_AGGRESSIVE;
				GCC_WARN_UNUSED_FUNCTION = YES;
				GCC_WARN_UNUSED_VARIABLE = YES;
				IPHONEOS_DEPLOYMENT_TARGET = 9.3;
				MTL_ENABLE_DEBUG_INFO = YES;
				ONLY_ACTIVE_ARCH = YES;
				SDKROOT = iphoneos;
				TARGETED_DEVICE_FAMILY = "1,2";
			};
			name = Debug;
		};
		7BD75ABD1D613FA7007672EA /* Release */ = {
			isa = XCBuildConfiguration;
			buildSettings = {
				ALWAYS_SEARCH_USER_PATHS = NO;
				CLANG_ANALYZER_NONNULL = YES;
				CLANG_CXX_LANGUAGE_STANDARD = "gnu++0x";
				CLANG_CXX_LIBRARY = "libc++";
				CLANG_ENABLE_MODULES = YES;
				CLANG_ENABLE_OBJC_ARC = YES;
				CLANG_WARN_BOOL_CONVERSION = YES;
				CLANG_WARN_CONSTANT_CONVERSION = YES;
				CLANG_WARN_DIRECT_OBJC_ISA_USAGE = YES_ERROR;
				CLANG_WARN_EMPTY_BODY = YES;
				CLANG_WARN_ENUM_CONVERSION = YES;
				CLANG_WARN_INFINITE_RECURSION = YES;
				CLANG_WARN_INT_CONVERSION = YES;
				CLANG_WARN_OBJC_ROOT_CLASS = YES_ERROR;
				CLANG_WARN_SUSPICIOUS_MOVE = YES;
				CLANG_WARN_UNREACHABLE_CODE = YES;
				CLANG_WARN__DUPLICATE_METHOD_MATCH = YES;
				"CODE_SIGN_IDENTITY[sdk=iphoneos*]" = "iPhone Developer";
				COPY_PHASE_STRIP = NO;
				DEBUG_INFORMATION_FORMAT = "dwarf-with-dsym";
				ENABLE_NS_ASSERTIONS = NO;
				ENABLE_STRICT_OBJC_MSGSEND = YES;
				GCC_C_LANGUAGE_STANDARD = gnu99;
				GCC_NO_COMMON_BLOCKS = YES;
				GCC_WARN_64_TO_32_BIT_CONVERSION = YES;
				GCC_WARN_ABOUT_RETURN_TYPE = YES_ERROR;
				GCC_WARN_UNDECLARED_SELECTOR = YES;
				GCC_WARN_UNINITIALIZED_AUTOS = YES_AGGRESSIVE;
				GCC_WARN_UNUSED_FUNCTION = YES;
				GCC_WARN_UNUSED_VARIABLE = YES;
				IPHONEOS_DEPLOYMENT_TARGET = 9.3;
				MTL_ENABLE_DEBUG_INFO = NO;
				SDKROOT = iphoneos;
				TARGETED_DEVICE_FAMILY = "1,2";
				VALIDATE_PRODUCT = YES;
			};
			name = Release;
		};
		7BD75ABF1D613FA7007672EA /* Debug */ = {
			isa = XCBuildConfiguration;
			baseConfigurationReference = F60F6E9F28CDE16BED3E69C1 /* Pods-photoCollectionView.debug.xcconfig */;
			buildSettings = {
				ALWAYS_EMBED_SWIFT_STANDARD_LIBRARIES = YES;
				ASSETCATALOG_COMPILER_APPICON_NAME = AppIcon;
				DEVELOPMENT_TEAM = ULU46F325W;
				INFOPLIST_FILE = photoCollectionView/Info.plist;
				LD_RUNPATH_SEARCH_PATHS = "$(inherited) @executable_path/Frameworks";
				PRODUCT_BUNDLE_IDENTIFIER = com.speedelo.photoCollectionView;
				PRODUCT_NAME = "$(TARGET_NAME)";
			};
			name = Debug;
		};
		7BD75AC01D613FA7007672EA /* Release */ = {
			isa = XCBuildConfiguration;
			baseConfigurationReference = 8F57B8AFE776F79818C01783 /* Pods-photoCollectionView.release.xcconfig */;
			buildSettings = {
				ALWAYS_EMBED_SWIFT_STANDARD_LIBRARIES = YES;
				ASSETCATALOG_COMPILER_APPICON_NAME = AppIcon;
				DEVELOPMENT_TEAM = ULU46F325W;
				INFOPLIST_FILE = photoCollectionView/Info.plist;
				LD_RUNPATH_SEARCH_PATHS = "$(inherited) @executable_path/Frameworks";
				PRODUCT_BUNDLE_IDENTIFIER = com.speedelo.photoCollectionView;
				PRODUCT_NAME = "$(TARGET_NAME)";
			};
			name = Release;
		};
		7BD75AC21D613FA7007672EA /* Debug */ = {
			isa = XCBuildConfiguration;
			baseConfigurationReference = C60BCD50ACFAFE0BB3B76355 /* Pods-photoCollectionViewTests.debug.xcconfig */;
			buildSettings = {
				BUNDLE_LOADER = "$(TEST_HOST)";
				DEVELOPMENT_TEAM = ULU46F325W;
				INFOPLIST_FILE = photoCollectionViewTests/Info.plist;
				LD_RUNPATH_SEARCH_PATHS = "$(inherited) @executable_path/Frameworks @loader_path/Frameworks";
				PRODUCT_BUNDLE_IDENTIFIER = com.speedelo.photoCollectionViewTests;
				PRODUCT_NAME = "$(TARGET_NAME)";
				TEST_HOST = "$(BUILT_PRODUCTS_DIR)/photoCollectionView.app/photoCollectionView";
			};
			name = Debug;
		};
		7BD75AC31D613FA7007672EA /* Release */ = {
			isa = XCBuildConfiguration;
			baseConfigurationReference = 34E5658AC61E7FB4F2BD209C /* Pods-photoCollectionViewTests.release.xcconfig */;
			buildSettings = {
				BUNDLE_LOADER = "$(TEST_HOST)";
				DEVELOPMENT_TEAM = ULU46F325W;
				INFOPLIST_FILE = photoCollectionViewTests/Info.plist;
				LD_RUNPATH_SEARCH_PATHS = "$(inherited) @executable_path/Frameworks @loader_path/Frameworks";
				PRODUCT_BUNDLE_IDENTIFIER = com.speedelo.photoCollectionViewTests;
				PRODUCT_NAME = "$(TARGET_NAME)";
				TEST_HOST = "$(BUILT_PRODUCTS_DIR)/photoCollectionView.app/photoCollectionView";
			};
			name = Release;
		};
		7BD75AC51D613FA7007672EA /* Debug */ = {
			isa = XCBuildConfiguration;
			baseConfigurationReference = 111907E1325F0554DAD6AA2D /* Pods-photoCollectionViewUITests.debug.xcconfig */;
			buildSettings = {
				INFOPLIST_FILE = photoCollectionViewUITests/Info.plist;
				LD_RUNPATH_SEARCH_PATHS = "$(inherited) @executable_path/Frameworks @loader_path/Frameworks";
				PRODUCT_BUNDLE_IDENTIFIER = com.speedelo.photoCollectionViewUITests;
				PRODUCT_NAME = "$(TARGET_NAME)";
				TEST_TARGET_NAME = photoCollectionView;
			};
			name = Debug;
		};
		7BD75AC61D613FA7007672EA /* Release */ = {
			isa = XCBuildConfiguration;
			baseConfigurationReference = 6520A5068D354DF46E237E98 /* Pods-photoCollectionViewUITests.release.xcconfig */;
			buildSettings = {
				INFOPLIST_FILE = photoCollectionViewUITests/Info.plist;
				LD_RUNPATH_SEARCH_PATHS = "$(inherited) @executable_path/Frameworks @loader_path/Frameworks";
				PRODUCT_BUNDLE_IDENTIFIER = com.speedelo.photoCollectionViewUITests;
				PRODUCT_NAME = "$(TARGET_NAME)";
				TEST_TARGET_NAME = photoCollectionView;
			};
			name = Release;
		};
/* End XCBuildConfiguration section */

/* Begin XCConfigurationList section */
		7BD75A8C1D613FA7007672EA /* Build configuration list for PBXProject "photoCollectionView" */ = {
			isa = XCConfigurationList;
			buildConfigurations = (
				7BD75ABC1D613FA7007672EA /* Debug */,
				7BD75ABD1D613FA7007672EA /* Release */,
			);
			defaultConfigurationIsVisible = 0;
			defaultConfigurationName = Release;
		};
		7BD75ABE1D613FA7007672EA /* Build configuration list for PBXNativeTarget "photoCollectionView" */ = {
			isa = XCConfigurationList;
			buildConfigurations = (
				7BD75ABF1D613FA7007672EA /* Debug */,
				7BD75AC01D613FA7007672EA /* Release */,
			);
			defaultConfigurationIsVisible = 0;
			defaultConfigurationName = Release;
		};
		7BD75AC11D613FA7007672EA /* Build configuration list for PBXNativeTarget "photoCollectionViewTests" */ = {
			isa = XCConfigurationList;
			buildConfigurations = (
				7BD75AC21D613FA7007672EA /* Debug */,
				7BD75AC31D613FA7007672EA /* Release */,
			);
			defaultConfigurationIsVisible = 0;
			defaultConfigurationName = Release;
		};
		7BD75AC41D613FA7007672EA /* Build configuration list for PBXNativeTarget "photoCollectionViewUITests" */ = {
			isa = XCConfigurationList;
			buildConfigurations = (
				7BD75AC51D613FA7007672EA /* Debug */,
				7BD75AC61D613FA7007672EA /* Release */,
			);
			defaultConfigurationIsVisible = 0;
			defaultConfigurationName = Release;
		};
/* End XCConfigurationList section */
	};
	rootObject = 7BD75A891D613FA7007672EA /* Project object */;
}
